// !$*UTF8*$!
{
	archiveVersion = 1;
	classes = {
	};
	objectVersion = 46;
	objects = {

/* Begin PBXBuildFile section */
		AD00AD4C1D7441660046A615 /* main.m in Sources */ = {isa = PBXBuildFile; fileRef = AD00AD4B1D7441660046A615 /* main.m */; };
		AD00AD4F1D7441660046A615 /* AppDelegate.m in Sources */ = {isa = PBXBuildFile; fileRef = AD00AD4E1D7441660046A615 /* AppDelegate.m */; };
		AD00AD521D7441660046A615 /* ViewController.m in Sources */ = {isa = PBXBuildFile; fileRef = AD00AD511D7441660046A615 /* ViewController.m */; };
		AD00AD551D7441660046A615 /* Main.storyboard in Resources */ = {isa = PBXBuildFile; fileRef = AD00AD531D7441660046A615 /* Main.storyboard */; };
		AD00AD571D7441660046A615 /* Assets.xcassets in Resources */ = {isa = PBXBuildFile; fileRef = AD00AD561D7441660046A615 /* Assets.xcassets */; };
		AD00AD5A1D7441660046A615 /* LaunchScreen.storyboard in Resources */ = {isa = PBXBuildFile; fileRef = AD00AD581D7441660046A615 /* LaunchScreen.storyboard */; };
		AD00AD631D7456C10046A615 /* LNNumberPadView.m in Sources */ = {isa = PBXBuildFile; fileRef = AD00AD621D7456C10046A615 /* LNNumberPadView.m */; };
/* End PBXBuildFile section */

/* Begin PBXFileReference section */
		AD00AD471D7441660046A615 /* LNNumberPad.app */ = {isa = PBXFileReference; explicitFileType = wrapper.application; includeInIndex = 0; path = LNNumberPad.app; sourceTree = BUILT_PRODUCTS_DIR; };
		AD00AD4B1D7441660046A615 /* main.m */ = {isa = PBXFileReference; lastKnownFileType = sourcecode.c.objc; path = main.m; sourceTree = "<group>"; };
		AD00AD4D1D7441660046A615 /* AppDelegate.h */ = {isa = PBXFileReference; lastKnownFileType = sourcecode.c.h; path = AppDelegate.h; sourceTree = "<group>"; };
		AD00AD4E1D7441660046A615 /* AppDelegate.m */ = {isa = PBXFileReference; lastKnownFileType = sourcecode.c.objc; path = AppDelegate.m; sourceTree = "<group>"; };
		AD00AD501D7441660046A615 /* ViewController.h */ = {isa = PBXFileReference; lastKnownFileType = sourcecode.c.h; path = ViewController.h; sourceTree = "<group>"; };
		AD00AD511D7441660046A615 /* ViewController.m */ = {isa = PBXFileReference; lastKnownFileType = sourcecode.c.objc; path = ViewController.m; sourceTree = "<group>"; };
		AD00AD541D7441660046A615 /* Base */ = {isa = PBXFileReference; lastKnownFileType = file.storyboard; name = Base; path = Base.lproj/Main.storyboard; sourceTree = "<group>"; };
		AD00AD561D7441660046A615 /* Assets.xcassets */ = {isa = PBXFileReference; lastKnownFileType = folder.assetcatalog; path = Assets.xcassets; sourceTree = "<group>"; };
		AD00AD591D7441660046A615 /* Base */ = {isa = PBXFileReference; lastKnownFileType = file.storyboard; name = Base; path = Base.lproj/LaunchScreen.storyboard; sourceTree = "<group>"; };
		AD00AD5B1D7441660046A615 /* Info.plist */ = {isa = PBXFileReference; lastKnownFileType = text.plist.xml; path = Info.plist; sourceTree = "<group>"; };
		AD00AD611D7456C10046A615 /* LNNumberPadView.h */ = {isa = PBXFileReference; fileEncoding = 4; lastKnownFileType = sourcecode.c.h; path = LNNumberPadView.h; sourceTree = "<group>"; };
		AD00AD621D7456C10046A615 /* LNNumberPadView.m */ = {isa = PBXFileReference; fileEncoding = 4; lastKnownFileType = sourcecode.c.objc; path = LNNumberPadView.m; sourceTree = "<group>"; };
/* End PBXFileReference section */

/* Begin PBXFrameworksBuildPhase section */
		AD00AD441D7441660046A615 /* Frameworks */ = {
			isa = PBXFrameworksBuildPhase;
			buildActionMask = 2147483647;
			files = (
			);
			runOnlyForDeploymentPostprocessing = 0;
		};
/* End PBXFrameworksBuildPhase section */

/* Begin PBXGroup section */
		AD00AD3E1D7441660046A615 = {
			isa = PBXGroup;
			children = (
				AD00AD491D7441660046A615 /* LNNumberPad */,
				AD00AD481D7441660046A615 /* Products */,
			);
			sourceTree = "<group>";
		};
		AD00AD481D7441660046A615 /* Products */ = {
			isa = PBXGroup;
			children = (
				AD00AD471D7441660046A615 /* LNNumberPad.app */,
			);
			name = Products;
			sourceTree = "<group>";
		};
		AD00AD491D7441660046A615 /* LNNumberPad */ = {
			isa = PBXGroup;
			children = (
				AD00AD4D1D7441660046A615 /* AppDelegate.h */,
				AD00AD4E1D7441660046A615 /* AppDelegate.m */,
				AD00AD501D7441660046A615 /* ViewController.h */,
				AD00AD511D7441660046A615 /* ViewController.m */,
				AD00AD611D7456C10046A615 /* LNNumberPadView.h */,
				AD00AD621D7456C10046A615 /* LNNumberPadView.m */,
				AD00AD531D7441660046A615 /* Main.storyboard */,
				AD00AD561D7441660046A615 /* Assets.xcassets */,
				AD00AD581D7441660046A615 /* LaunchScreen.storyboard */,
				AD00AD5B1D7441660046A615 /* Info.plist */,
				AD00AD4A1D7441660046A615 /* Supporting Files */,
			);
			path = LNNumberPad;
			sourceTree = "<group>";
		};
		AD00AD4A1D7441660046A615 /* Supporting Files */ = {
			isa = PBXGroup;
			children = (
				AD00AD4B1D7441660046A615 /* main.m */,
			);
			name = "Supporting Files";
			sourceTree = "<group>";
		};
/* End PBXGroup section */

/* Begin PBXNativeTarget section */
		AD00AD461D7441660046A615 /* LNNumberPad */ = {
			isa = PBXNativeTarget;
			buildConfigurationList = AD00AD5E1D7441660046A615 /* Build configuration list for PBXNativeTarget "LNNumberPad" */;
			buildPhases = (
				AD00AD431D7441660046A615 /* Sources */,
				AD00AD441D7441660046A615 /* Frameworks */,
				AD00AD451D7441660046A615 /* Resources */,
			);
			buildRules = (
			);
			dependencies = (
			);
			name = LNNumberPad;
			productName = LNNumberPad;
			productReference = AD00AD471D7441660046A615 /* LNNumberPad.app */;
			productType = "com.apple.product-type.application";
		};
/* End PBXNativeTarget section */

/* Begin PBXProject section */
		AD00AD3F1D7441660046A615 /* Project object */ = {
			isa = PBXProject;
			attributes = {
				LastUpgradeCheck = 0730;
				ORGANIZATIONNAME = Layne;
				TargetAttributes = {
					AD00AD461D7441660046A615 = {
						CreatedOnToolsVersion = 7.3.1;
					};
				};
			};
			buildConfigurationList = AD00AD421D7441660046A615 /* Build configuration list for PBXProject "LNNumberPad" */;
			compatibilityVersion = "Xcode 3.2";
			developmentRegion = English;
			hasScannedForEncodings = 0;
			knownRegions = (
				en,
				Base,
			);
			mainGroup = AD00AD3E1D7441660046A615;
			productRefGroup = AD00AD481D7441660046A615 /* Products */;
			projectDirPath = "";
			projectRoot = "";
			targets = (
				AD00AD461D7441660046A615 /* LNNumberPad */,
			);
		};
/* End PBXProject section */

/* Begin PBXResourcesBuildPhase section */
		AD00AD451D7441660046A615 /* Resources */ = {
			isa = PBXResourcesBuildPhase;
			buildActionMask = 2147483647;
			files = (
				AD00AD5A1D7441660046A615 /* LaunchScreen.storyboard in Resources */,
				AD00AD571D7441660046A615 /* Assets.xcassets in Resources */,
				AD00AD551D7441660046A615 /* Main.storyboard in Resources */,
			);
			runOnlyForDeploymentPostprocessing = 0;
		};
/* End PBXResourcesBuildPhase section */

/* Begin PBXSourcesBuildPhase section */
		AD00AD431D7441660046A615 /* Sources */ = {
			isa = PBXSourcesBuildPhase;
			buildActionMask = 2147483647;
			files = (
				AD00AD521D7441660046A615 /* ViewController.m in Sources */,
				AD00AD4F1D7441660046A615 /* AppDelegate.m in Sources */,
				AD00AD4C1D7441660046A615 /* main.m in Sources */,
				AD00AD631D7456C10046A615 /* LNNumberPadView.m in Sources */,
			);
			runOnlyForDeploymentPostprocessing = 0;
		};
/* End PBXSourcesBuildPhase section */

/* Begin PBXVariantGroup section */
		AD00AD531D7441660046A615 /* Main.storyboard */ = {
			isa = PBXVariantGroup;
			children = (
				AD00AD541D7441660046A615 /* Base */,
			);
			name = Main.storyboard;
			sourceTree = "<group>";
		};
		AD00AD581D7441660046A615 /* LaunchScreen.storyboard */ = {
			isa = PBXVariantGroup;
			children = (
				AD00AD591D7441660046A615 /* Base */,
			);
			name = LaunchScreen.storyboard;
			sourceTree = "<group>";
		};
/* End PBXVariantGroup section */

/* Begin XCBuildConfiguration section */
		AD00AD5C1D7441660046A615 /* Debug */ = {
			isa = XCBuildConfiguration;
			buildSettings = {
				ALWAYS_SEARCH_USER_PATHS = NO;
				CLANG_ANALYZER_NONNULL = YES;
				CLANG_CXX_LANGUAGE_STANDARD = "gnu++0x";
				CLANG_CXX_LIBRARY = "libc++";
				CLANG_ENABLE_MODULES = YES;
				CLANG_ENABLE_OBJC_ARC = YES;
				CLANG_WARN_BOOL_CONVERSION = YES;
				CLANG_WARN_CONSTANT_CONVERSION = YES;
				CLANG_WARN_DIRECT_OBJC_ISA_USAGE = YES_ERROR;
				CLANG_WARN_EMPTY_BODY = YES;
				CLANG_WARN_ENUM_CONVERSION = YES;
				CLANG_WARN_INT_CONVERSION = YES;
				CLANG_WARN_OBJC_ROOT_CLASS = YES_ERROR;
				CLANG_WARN_UNREACHABLE_CODE = YES;
				CLANG_WARN__DUPLICATE_METHOD_MATCH = YES;
				"CODE_SIGN_IDENTITY[sdk=iphoneos*]" = "iPhone Developer";
				COPY_PHASE_STRIP = NO;
				DEBUG_INFORMATION_FORMAT = dwarf;
				ENABLE_STRICT_OBJC_MSGSEND = YES;
				ENABLE_TESTABILITY = YES;
				GCC_C_LANGUAGE_STANDARD = gnu99;
				GCC_DYNAMIC_NO_PIC = NO;
				GCC_NO_COMMON_BLOCKS = YES;
				GCC_OPTIMIZATION_LEVEL = 0;
				GCC_PREPROCESSOR_DEFINITIONS = (
					"DEBUG=1",
					"$(inherited)",
				);
				GCC_WARN_64_TO_32_BIT_CONVERSION = YES;
				GCC_WARN_ABOUT_RETURN_TYPE = YES_ERROR;
				GCC_WARN_UNDECLARED_SELECTOR = YES;
				GCC_WARN_UNINITIALIZED_AUTOS = YES_AGGRESSIVE;
				GCC_WARN_UNUSED_FUNCTION = YES;
				GCC_WARN_UNUSED_VARIABLE = YES;
				IPHONEOS_DEPLOYMENT_TARGET = 9.3;
				MTL_ENABLE_DEBUG_INFO = YES;
				ONLY_ACTIVE_ARCH = YES;
				SDKROOT = iphoneos;
			};
			name = Debug;
		};
		AD00AD5D1D7441660046A615 /* Release */ = {
			isa = XCBuildConfiguration;
			buildSettings = {
				ALWAYS_SEARCH_USER_PATHS = NO;
				CLANG_ANALYZER_NONNULL = YES;
				CLANG_CXX_LANGUAGE_STANDARD = "gnu++0x";
				CLANG_CXX_LIBRARY = "libc++";
				CLANG_ENABLE_MODULES = YES;
				CLANG_ENABLE_OBJC_ARC = YES;
				CLANG_WARN_BOOL_CONVERSION = YES;
				CLANG_WARN_CONSTANT_CONVERSION = YES;
				CLANG_WARN_DIRECT_OBJC_ISA_USAGE = YES_ERROR;
				CLANG_WARN_EMPTY_BODY = YES;
				CLANG_WARN_ENUM_CONVERSION = YES;
				CLANG_WARN_INT_CONVERSION = YES;
				CLANG_WARN_OBJC_ROOT_CLASS = YES_ERROR;
				CLANG_WARN_UNREACHABLE_CODE = YES;
				CLANG_WARN__DUPLICATE_METHOD_MATCH = YES;
				"CODE_SIGN_IDENTITY[sdk=iphoneos*]" = "iPhone Developer";
				COPY_PHASE_STRIP = NO;
				DEBUG_INFORMATION_FORMAT = "dwarf-with-dsym";
				ENABLE_NS_ASSERTIONS = NO;
				ENABLE_STRICT_OBJC_MSGSEND = YES;
				GCC_C_LANGUAGE_STANDARD = gnu99;
				GCC_NO_COMMON_BLOCKS = YES;
				GCC_WARN_64_TO_32_BIT_CONVERSION = YES;
				GCC_WARN_ABOUT_RETURN_TYPE = YES_ERROR;
				GCC_WARN_UNDECLARED_SELECTOR = YES;
				GCC_WARN_UNINITIALIZED_AUTOS = YES_AGGRESSIVE;
				GCC_WARN_UNUSED_FUNCTION = YES;
				GCC_WARN_UNUSED_VARIABLE = YES;
				IPHONEOS_DEPLOYMENT_TARGET = 9.3;
				MTL_ENABLE_DEBUG_INFO = NO;
				SDKROOT = iphoneos;
				VALIDATE_PRODUCT = YES;
			};
			name = Release;
		};
		AD00AD5F1D7441660046A615 /* Debug */ = {
			isa = XCBuildConfiguration;
			buildSettings = {
				ASSETCATALOG_COMPILER_APPICON_NAME = AppIcon;
				INFOPLIST_FILE = LNNumberPad/Info.plist;
				LD_RUNPATH_SEARCH_PATHS = "$(inherited) @executable_path/Frameworks";
				PRODUCT_BUNDLE_IDENTIFIER = io.github.lengmolehongyan.LNNumberPad;
				PRODUCT_NAME = "$(TARGET_NAME)";
			};
			name = Debug;
		};
		AD00AD601D7441660046A615 /* Release */ = {
			isa = XCBuildConfiguration;
			buildSettings = {
				ASSETCATALOG_COMPILER_APPICON_NAME = AppIcon;
				INFOPLIST_FILE = LNNumberPad/Info.plist;
				LD_RUNPATH_SEARCH_PATHS = "$(inherited) @executable_path/Frameworks";
				PRODUCT_BUNDLE_IDENTIFIER = io.github.lengmolehongyan.LNNumberPad;
				PRODUCT_NAME = "$(TARGET_NAME)";
			};
			name = Release;
		};
/* End XCBuildConfiguration section */

/* Begin XCConfigurationList section */
		AD00AD421D7441660046A615 /* Build configuration list for PBXProject "LNNumberPad" */ = {
			isa = XCConfigurationList;
			buildConfigurations = (
				AD00AD5C1D7441660046A615 /* Debug */,
				AD00AD5D1D7441660046A615 /* Release */,
			);
			defaultConfigurationIsVisible = 0;
			defaultConfigurationName = Release;
		};
		AD00AD5E1D7441660046A615 /* Build configuration list for PBXNativeTarget "LNNumberPad" */ = {
			isa = XCConfigurationList;
			buildConfigurations = (
				AD00AD5F1D7441660046A615 /* Debug */,
				AD00AD601D7441660046A615 /* Release */,
			);
			defaultConfigurationIsVisible = 0;
		};
/* End XCConfigurationList section */
	};
	rootObject = AD00AD3F1D7441660046A615 /* Project object */;
}
